// !$*UTF8*$!
{
	archiveVersion = 1;
	classes = {
	};
	objectVersion = 55;
	objects = {

/* Begin PBXBuildFile section */
		E502784E40B7978D31DEA86B /* Pods_Travel_Diary.framework in Frameworks */ = {isa = PBXBuildFile; fileRef = DC257D19D1C989DEC533549E /* Pods_Travel_Diary.framework */; };
		E70ED9B9285F1079004874B2 /* CustomAnnotation.swift in Sources */ = {isa = PBXBuildFile; fileRef = E70ED9B8285F1079004874B2 /* CustomAnnotation.swift */; };
		E70ED9BB285F1F69004874B2 /* Collection+Extension.swift in Sources */ = {isa = PBXBuildFile; fileRef = E70ED9BA285F1F69004874B2 /* Collection+Extension.swift */; };
		E7131A5C2858F2430034FE12 /* AppDelegate.swift in Sources */ = {isa = PBXBuildFile; fileRef = E7131A5B2858F2430034FE12 /* AppDelegate.swift */; };
		E7131A5E2858F2430034FE12 /* SceneDelegate.swift in Sources */ = {isa = PBXBuildFile; fileRef = E7131A5D2858F2430034FE12 /* SceneDelegate.swift */; };
		E7131A602858F2430034FE12 /* JourneyController.swift in Sources */ = {isa = PBXBuildFile; fileRef = E7131A5F2858F2430034FE12 /* JourneyController.swift */; };
		E7131A632858F2430034FE12 /* Main.storyboard in Resources */ = {isa = PBXBuildFile; fileRef = E7131A612858F2430034FE12 /* Main.storyboard */; };
		E7131A652858F2430034FE12 /* Assets.xcassets in Resources */ = {isa = PBXBuildFile; fileRef = E7131A642858F2430034FE12 /* Assets.xcassets */; };
		E7131A682858F2430034FE12 /* LaunchScreen.storyboard in Resources */ = {isa = PBXBuildFile; fileRef = E7131A662858F2430034FE12 /* LaunchScreen.storyboard */; };
		E729CDE5286D7BA800E8FDCE /* JoinGroupController.swift in Sources */ = {isa = PBXBuildFile; fileRef = E729CDE4286D7BA800E8FDCE /* JoinGroupController.swift */; };
		E7390CA928696D860056D6D9 /* LoginController.swift in Sources */ = {isa = PBXBuildFile; fileRef = E7390CA828696D860056D6D9 /* LoginController.swift */; };
		E7390CAB2869AFAE0056D6D9 /* AuthManager.swift in Sources */ = {isa = PBXBuildFile; fileRef = E7390CAA2869AFAE0056D6D9 /* AuthManager.swift */; };
		E7390CAD2869AFD00056D6D9 /* User.swift in Sources */ = {isa = PBXBuildFile; fileRef = E7390CAC2869AFD00056D6D9 /* User.swift */; };
		E7390CAF2869B2840056D6D9 /* EditProfileController.swift in Sources */ = {isa = PBXBuildFile; fileRef = E7390CAE2869B2840056D6D9 /* EditProfileController.swift */; };
		E7390CB12869B72C0056D6D9 /* ProfileCell.swift in Sources */ = {isa = PBXBuildFile; fileRef = E7390CB02869B72C0056D6D9 /* ProfileCell.swift */; };
		E74D67D3285E1C5000700F09 /* SearchBarController.swift in Sources */ = {isa = PBXBuildFile; fileRef = E74D67D2285E1C5000700F09 /* SearchBarController.swift */; };
		E74D67D5285E21D700700F09 /* ScheduleSectionFooter.swift in Sources */ = {isa = PBXBuildFile; fileRef = E74D67D4285E21D700700F09 /* ScheduleSectionFooter.swift */; };
		E74D67DA285E465F00700F09 /* Journey.swift in Sources */ = {isa = PBXBuildFile; fileRef = E74D67D9285E465F00700F09 /* Journey.swift */; };
		E74E191628622CEB00ADBF65 /* QRcodeScannerController.swift in Sources */ = {isa = PBXBuildFile; fileRef = E74E191528622CEB00ADBF65 /* QRcodeScannerController.swift */; };
		E753A2F6286595F500807E51 /* GoogleService-Info.plist in Resources */ = {isa = PBXBuildFile; fileRef = E753A2F5286595F500807E51 /* GoogleService-Info.plist */; };
		E7580CD22868A20300F68168 /* CommentController.swift in Sources */ = {isa = PBXBuildFile; fileRef = E7580CD12868A20300F68168 /* CommentController.swift */; };
		E7580CD42868BF3800F68168 /* QRcodeGeneratorController.swift in Sources */ = {isa = PBXBuildFile; fileRef = E7580CD32868BF3800F68168 /* QRcodeGeneratorController.swift */; };
		E75B5FAB285B05F000B3A866 /* ScheduleController.swift in Sources */ = {isa = PBXBuildFile; fileRef = E75B5FAA285B05F000B3A866 /* ScheduleController.swift */; };
		E75B5FAD285B0FD900B3A866 /* SearchResultController.swift in Sources */ = {isa = PBXBuildFile; fileRef = E75B5FAC285B0FD900B3A866 /* SearchResultController.swift */; };
		E765F7BB28797F9500590BED /* UsersCell.swift in Sources */ = {isa = PBXBuildFile; fileRef = E765F7BA28797F9500590BED /* UsersCell.swift */; };
		E765F7BD287A8BF900590BED /* BlocklistController.swift in Sources */ = {isa = PBXBuildFile; fileRef = E765F7BC287A8BF900590BED /* BlocklistController.swift */; };
		E765F7BF287B105300590BED /* DiscoverCell.swift in Sources */ = {isa = PBXBuildFile; fileRef = E765F7BE287B105300590BED /* DiscoverCell.swift */; };
		E76814732875272F00487782 /* PulseAnimation.swift in Sources */ = {isa = PBXBuildFile; fileRef = E76814722875272F00487782 /* PulseAnimation.swift */; };
		E768147928758CAD00487782 /* intro.mp4 in Resources */ = {isa = PBXBuildFile; fileRef = E768147828758CAD00487782 /* intro.mp4 */; };
		E781C1BA2862A5990090E5A6 /* ModifyTripDetailController.swift in Sources */ = {isa = PBXBuildFile; fileRef = E781C1B92862A5990090E5A6 /* ModifyTripDetailController.swift */; };
		E781C1BC286351570090E5A6 /* EditDetailController.swift in Sources */ = {isa = PBXBuildFile; fileRef = E781C1BB286351570090E5A6 /* EditDetailController.swift */; };
		E7874B8D28748DDA00CD2067 /* PrivacyController.swift in Sources */ = {isa = PBXBuildFile; fileRef = E7874B8C28748DDA00CD2067 /* PrivacyController.swift */; };
		E793AF83285C2E7600606CF7 /* SearchPlaceCell.swift in Sources */ = {isa = PBXBuildFile; fileRef = E793AF82285C2E7600606CF7 /* SearchPlaceCell.swift */; };
		E793AF85285C748F00606CF7 /* ScheduleCell.swift in Sources */ = {isa = PBXBuildFile; fileRef = E793AF84285C748F00606CF7 /* ScheduleCell.swift */; };
		E7AC44B928670C7800CD836B /* PDFCreator.swift in Sources */ = {isa = PBXBuildFile; fileRef = E7AC44B828670C7800CD836B /* PDFCreator.swift */; };
		E7B9258628603A0D007F266C /* JourneyManager.swift in Sources */ = {isa = PBXBuildFile; fileRef = E7B9258528603A0D007F266C /* JourneyManager.swift */; };
		E7B92588286072C2007F266C /* CLLocationCoordinate2D+Extension.swift in Sources */ = {isa = PBXBuildFile; fileRef = E7B92587286072C2007F266C /* CLLocationCoordinate2D+Extension.swift */; };
		E7B975ED2864151800F575DC /* EditDiaryController.swift in Sources */ = {isa = PBXBuildFile; fileRef = E7B975EC2864151800F575DC /* EditDiaryController.swift */; };
		E7B975EF2864178900F575DC /* DiaryCell.swift in Sources */ = {isa = PBXBuildFile; fileRef = E7B975EE2864178900F575DC /* DiaryCell.swift */; };
		E7B975F12864348B00F575DC /* PDFController.swift in Sources */ = {isa = PBXBuildFile; fileRef = E7B975F02864348B00F575DC /* PDFController.swift */; };
		E7B975F72864475700F575DC /* ExpertJourneyController.swift in Sources */ = {isa = PBXBuildFile; fileRef = E7B975F62864475700F575DC /* ExpertJourneyController.swift */; };
		E7B975F92864649A00F575DC /* SimpleDiaryCell.swift in Sources */ = {isa = PBXBuildFile; fileRef = E7B975F82864649A00F575DC /* SimpleDiaryCell.swift */; };
		E7B975FB286464AD00F575DC /* ComplexDiaryCell.swift in Sources */ = {isa = PBXBuildFile; fileRef = E7B975FA286464AD00F575DC /* ComplexDiaryCell.swift */; };
		E7B9761D2864C6D500F575DC /* DaysCell.swift in Sources */ = {isa = PBXBuildFile; fileRef = E7B9761C2864C6D500F575DC /* DaysCell.swift */; };
		E7B9761F2864C70D00F575DC /* UICollectionViewCell+Extension.swift in Sources */ = {isa = PBXBuildFile; fileRef = E7B9761E2864C70D00F575DC /* UICollectionViewCell+Extension.swift */; };
		E7C69D2C28597BFD004910AC /* UIScreen+Extension.swift in Sources */ = {isa = PBXBuildFile; fileRef = E7C69D2B28597BFD004910AC /* UIScreen+Extension.swift */; };
		E7C69D2E28597C27004910AC /* UIFont+Extension.swift in Sources */ = {isa = PBXBuildFile; fileRef = E7C69D2D28597C27004910AC /* UIFont+Extension.swift */; };
		E7C69D3028597C83004910AC /* UIView+Extension.swift in Sources */ = {isa = PBXBuildFile; fileRef = E7C69D2F28597C83004910AC /* UIView+Extension.swift */; };
		E7C69D3228597CDD004910AC /* UIColor+Extension.swift in Sources */ = {isa = PBXBuildFile; fileRef = E7C69D3128597CDD004910AC /* UIColor+Extension.swift */; };
		E7C69D3428597D25004910AC /* Date+Extension.swift in Sources */ = {isa = PBXBuildFile; fileRef = E7C69D3328597D25004910AC /* Date+Extension.swift */; };
		E7C69D3628597D44004910AC /* UITableViewCell+Extension.swift in Sources */ = {isa = PBXBuildFile; fileRef = E7C69D3528597D44004910AC /* UITableViewCell+Extension.swift */; };
		E7C69D3E2859AAA1004910AC /* UIImage+Extension.swift in Sources */ = {isa = PBXBuildFile; fileRef = E7C69D3D2859AAA1004910AC /* UIImage+Extension.swift */; };
		E7C69D402859B164004910AC /* MainTabController.swift in Sources */ = {isa = PBXBuildFile; fileRef = E7C69D3F2859B164004910AC /* MainTabController.swift */; };
		E7C69D422859B489004910AC /* ProfileController.swift in Sources */ = {isa = PBXBuildFile; fileRef = E7C69D412859B489004910AC /* ProfileController.swift */; };
		E7C69D442859B4CD004910AC /* DiscoverController.swift in Sources */ = {isa = PBXBuildFile; fileRef = E7C69D432859B4CD004910AC /* DiscoverController.swift */; };
		E7C69D462859B4DC004910AC /* DiaryController.swift in Sources */ = {isa = PBXBuildFile; fileRef = E7C69D452859B4DC004910AC /* DiaryController.swift */; };
		E7C69D482859E0F6004910AC /* NewTripController.swift in Sources */ = {isa = PBXBuildFile; fileRef = E7C69D472859E0F6004910AC /* NewTripController.swift */; };
		E7CFD98A285A0FD2004B5ED5 /* ScheduleMapController.swift in Sources */ = {isa = PBXBuildFile; fileRef = E7CFD989285A0FD2004B5ED5 /* ScheduleMapController.swift */; };
		E7D1D470286B463500483754 /* Comment.swift in Sources */ = {isa = PBXBuildFile; fileRef = E7D1D46F286B463500483754 /* Comment.swift */; };
		E7D1D472286B50EE00483754 /* CommentCell.swift in Sources */ = {isa = PBXBuildFile; fileRef = E7D1D471286B50EE00483754 /* CommentCell.swift */; };
		E7DBA19D286EF7DE00C08C55 /* CommentManager.swift in Sources */ = {isa = PBXBuildFile; fileRef = E7DBA19C286EF7DE00C08C55 /* CommentManager.swift */; };
		E7DBA1A62870506600C08C55 /* signIn.json in Resources */ = {isa = PBXBuildFile; fileRef = E7DBA1A52870506600C08C55 /* signIn.json */; };
		E7DBA1AA2870B14A00C08C55 /* NSMutableAttributedString+Extension.swift in Sources */ = {isa = PBXBuildFile; fileRef = E7DBA1A92870B14A00C08C55 /* NSMutableAttributedString+Extension.swift */; };
		E7DBA1AC2870B2F600C08C55 /* LottieWrapper.swift in Sources */ = {isa = PBXBuildFile; fileRef = E7DBA1AB2870B2F600C08C55 /* LottieWrapper.swift */; };
		E7DBA1AE2870B39400C08C55 /* WebViewController.swift in Sources */ = {isa = PBXBuildFile; fileRef = E7DBA1AD2870B39400C08C55 /* WebViewController.swift */; };
		E7DBA1B02870B58D00C08C55 /* UItapGestureRecognizer+Extension.swift in Sources */ = {isa = PBXBuildFile; fileRef = E7DBA1AF2870B58D00C08C55 /* UItapGestureRecognizer+Extension.swift */; };
		E7DBA1B22870B9CD00C08C55 /* loading.json in Resources */ = {isa = PBXBuildFile; fileRef = E7DBA1B12870B9CD00C08C55 /* loading.json */; };
		E7DBA1B42871815A00C08C55 /* search.json in Resources */ = {isa = PBXBuildFile; fileRef = E7DBA1B32871815A00C08C55 /* search.json */; };
		E7DBA1B82871D5FF00C08C55 /* upload.json in Resources */ = {isa = PBXBuildFile; fileRef = E7DBA1B72871D5FF00C08C55 /* upload.json */; };
/* End PBXBuildFile section */

/* Begin PBXFileReference section */
		3A759FEC04E129153FB0E2E7 /* Pods-Travel-Diary.release.xcconfig */ = {isa = PBXFileReference; includeInIndex = 1; lastKnownFileType = text.xcconfig; name = "Pods-Travel-Diary.release.xcconfig"; path = "Target Support Files/Pods-Travel-Diary/Pods-Travel-Diary.release.xcconfig"; sourceTree = "<group>"; };
		C3876D1A55BCAD144E3B6EC5 /* Pods-Travel-Diary.debug.xcconfig */ = {isa = PBXFileReference; includeInIndex = 1; lastKnownFileType = text.xcconfig; name = "Pods-Travel-Diary.debug.xcconfig"; path = "Target Support Files/Pods-Travel-Diary/Pods-Travel-Diary.debug.xcconfig"; sourceTree = "<group>"; };
		DC257D19D1C989DEC533549E /* Pods_Travel_Diary.framework */ = {isa = PBXFileReference; explicitFileType = wrapper.framework; includeInIndex = 0; path = Pods_Travel_Diary.framework; sourceTree = BUILT_PRODUCTS_DIR; };
		E70ED9B8285F1079004874B2 /* CustomAnnotation.swift */ = {isa = PBXFileReference; lastKnownFileType = sourcecode.swift; path = CustomAnnotation.swift; sourceTree = "<group>"; };
		E70ED9BA285F1F69004874B2 /* Collection+Extension.swift */ = {isa = PBXFileReference; lastKnownFileType = sourcecode.swift; path = "Collection+Extension.swift"; sourceTree = "<group>"; };
		E7131A582858F2430034FE12 /* Travel-Diary.app */ = {isa = PBXFileReference; explicitFileType = wrapper.application; includeInIndex = 0; path = "Travel-Diary.app"; sourceTree = BUILT_PRODUCTS_DIR; };
		E7131A5B2858F2430034FE12 /* AppDelegate.swift */ = {isa = PBXFileReference; lastKnownFileType = sourcecode.swift; path = AppDelegate.swift; sourceTree = "<group>"; };
		E7131A5D2858F2430034FE12 /* SceneDelegate.swift */ = {isa = PBXFileReference; lastKnownFileType = sourcecode.swift; path = SceneDelegate.swift; sourceTree = "<group>"; };
		E7131A5F2858F2430034FE12 /* JourneyController.swift */ = {isa = PBXFileReference; lastKnownFileType = sourcecode.swift; path = JourneyController.swift; sourceTree = "<group>"; };
		E7131A622858F2430034FE12 /* Base */ = {isa = PBXFileReference; lastKnownFileType = file.storyboard; name = Base; path = Base.lproj/Main.storyboard; sourceTree = "<group>"; };
		E7131A642858F2430034FE12 /* Assets.xcassets */ = {isa = PBXFileReference; lastKnownFileType = folder.assetcatalog; path = Assets.xcassets; sourceTree = "<group>"; };
		E7131A672858F2430034FE12 /* Base */ = {isa = PBXFileReference; lastKnownFileType = file.storyboard; name = Base; path = Base.lproj/LaunchScreen.storyboard; sourceTree = "<group>"; };
		E7131A692858F2430034FE12 /* Info.plist */ = {isa = PBXFileReference; lastKnownFileType = text.plist.xml; path = Info.plist; sourceTree = "<group>"; };
		E729CDE4286D7BA800E8FDCE /* JoinGroupController.swift */ = {isa = PBXFileReference; lastKnownFileType = sourcecode.swift; path = JoinGroupController.swift; sourceTree = "<group>"; };
		E7390CA72869536C0056D6D9 /* Travel-Diary.entitlements */ = {isa = PBXFileReference; lastKnownFileType = text.plist.entitlements; path = "Travel-Diary.entitlements"; sourceTree = "<group>"; };
		E7390CA828696D860056D6D9 /* LoginController.swift */ = {isa = PBXFileReference; lastKnownFileType = sourcecode.swift; path = LoginController.swift; sourceTree = "<group>"; };
		E7390CAA2869AFAE0056D6D9 /* AuthManager.swift */ = {isa = PBXFileReference; lastKnownFileType = sourcecode.swift; path = AuthManager.swift; sourceTree = "<group>"; };
		E7390CAC2869AFD00056D6D9 /* User.swift */ = {isa = PBXFileReference; lastKnownFileType = sourcecode.swift; path = User.swift; sourceTree = "<group>"; };
		E7390CAE2869B2840056D6D9 /* EditProfileController.swift */ = {isa = PBXFileReference; lastKnownFileType = sourcecode.swift; path = EditProfileController.swift; sourceTree = "<group>"; };
		E7390CB02869B72C0056D6D9 /* ProfileCell.swift */ = {isa = PBXFileReference; lastKnownFileType = sourcecode.swift; path = ProfileCell.swift; sourceTree = "<group>"; };
		E74D67D2285E1C5000700F09 /* SearchBarController.swift */ = {isa = PBXFileReference; lastKnownFileType = sourcecode.swift; path = SearchBarController.swift; sourceTree = "<group>"; };
		E74D67D4285E21D700700F09 /* ScheduleSectionFooter.swift */ = {isa = PBXFileReference; lastKnownFileType = sourcecode.swift; path = ScheduleSectionFooter.swift; sourceTree = "<group>"; };
		E74D67D9285E465F00700F09 /* Journey.swift */ = {isa = PBXFileReference; lastKnownFileType = sourcecode.swift; path = Journey.swift; sourceTree = "<group>"; };
		E74E191528622CEB00ADBF65 /* QRcodeScannerController.swift */ = {isa = PBXFileReference; lastKnownFileType = sourcecode.swift; path = QRcodeScannerController.swift; sourceTree = "<group>"; };
		E753A2F5286595F500807E51 /* GoogleService-Info.plist */ = {isa = PBXFileReference; fileEncoding = 4; lastKnownFileType = text.plist.xml; path = "GoogleService-Info.plist"; sourceTree = "<group>"; };
		E7580CD12868A20300F68168 /* CommentController.swift */ = {isa = PBXFileReference; lastKnownFileType = sourcecode.swift; path = CommentController.swift; sourceTree = "<group>"; };
		E7580CD32868BF3800F68168 /* QRcodeGeneratorController.swift */ = {isa = PBXFileReference; lastKnownFileType = sourcecode.swift; path = QRcodeGeneratorController.swift; sourceTree = "<group>"; };
		E75B5FAA285B05F000B3A866 /* ScheduleController.swift */ = {isa = PBXFileReference; lastKnownFileType = sourcecode.swift; path = ScheduleController.swift; sourceTree = "<group>"; };
		E75B5FAC285B0FD900B3A866 /* SearchResultController.swift */ = {isa = PBXFileReference; lastKnownFileType = sourcecode.swift; path = SearchResultController.swift; sourceTree = "<group>"; };
		E765F7BA28797F9500590BED /* UsersCell.swift */ = {isa = PBXFileReference; lastKnownFileType = sourcecode.swift; path = UsersCell.swift; sourceTree = "<group>"; };
		E765F7BC287A8BF900590BED /* BlocklistController.swift */ = {isa = PBXFileReference; lastKnownFileType = sourcecode.swift; path = BlocklistController.swift; sourceTree = "<group>"; };
		E765F7BE287B105300590BED /* DiscoverCell.swift */ = {isa = PBXFileReference; lastKnownFileType = sourcecode.swift; path = DiscoverCell.swift; sourceTree = "<group>"; };
		E76814722875272F00487782 /* PulseAnimation.swift */ = {isa = PBXFileReference; lastKnownFileType = sourcecode.swift; path = PulseAnimation.swift; sourceTree = "<group>"; };
		E768147828758CAD00487782 /* intro.mp4 */ = {isa = PBXFileReference; lastKnownFileType = file; path = intro.mp4; sourceTree = "<group>"; };
		E781C1B92862A5990090E5A6 /* ModifyTripDetailController.swift */ = {isa = PBXFileReference; lastKnownFileType = sourcecode.swift; path = ModifyTripDetailController.swift; sourceTree = "<group>"; };
		E781C1BB286351570090E5A6 /* EditDetailController.swift */ = {isa = PBXFileReference; lastKnownFileType = sourcecode.swift; path = EditDetailController.swift; sourceTree = "<group>"; };
		E7874B8C28748DDA00CD2067 /* PrivacyController.swift */ = {isa = PBXFileReference; lastKnownFileType = sourcecode.swift; path = PrivacyController.swift; sourceTree = "<group>"; };
		E793AF82285C2E7600606CF7 /* SearchPlaceCell.swift */ = {isa = PBXFileReference; lastKnownFileType = sourcecode.swift; path = SearchPlaceCell.swift; sourceTree = "<group>"; };
		E793AF84285C748F00606CF7 /* ScheduleCell.swift */ = {isa = PBXFileReference; lastKnownFileType = sourcecode.swift; path = ScheduleCell.swift; sourceTree = "<group>"; };
		E7AC44B828670C7800CD836B /* PDFCreator.swift */ = {isa = PBXFileReference; lastKnownFileType = sourcecode.swift; path = PDFCreator.swift; sourceTree = "<group>"; };
		E7B9258528603A0D007F266C /* JourneyManager.swift */ = {isa = PBXFileReference; lastKnownFileType = sourcecode.swift; path = JourneyManager.swift; sourceTree = "<group>"; };
		E7B92587286072C2007F266C /* CLLocationCoordinate2D+Extension.swift */ = {isa = PBXFileReference; lastKnownFileType = sourcecode.swift; path = "CLLocationCoordinate2D+Extension.swift"; sourceTree = "<group>"; };
		E7B975EC2864151800F575DC /* EditDiaryController.swift */ = {isa = PBXFileReference; lastKnownFileType = sourcecode.swift; path = EditDiaryController.swift; sourceTree = "<group>"; };
		E7B975EE2864178900F575DC /* DiaryCell.swift */ = {isa = PBXFileReference; lastKnownFileType = sourcecode.swift; path = DiaryCell.swift; sourceTree = "<group>"; };
		E7B975F02864348B00F575DC /* PDFController.swift */ = {isa = PBXFileReference; lastKnownFileType = sourcecode.swift; path = PDFController.swift; sourceTree = "<group>"; };
		E7B975F62864475700F575DC /* ExpertJourneyController.swift */ = {isa = PBXFileReference; lastKnownFileType = sourcecode.swift; path = ExpertJourneyController.swift; sourceTree = "<group>"; };
		E7B975F82864649A00F575DC /* SimpleDiaryCell.swift */ = {isa = PBXFileReference; lastKnownFileType = sourcecode.swift; path = SimpleDiaryCell.swift; sourceTree = "<group>"; };
		E7B975FA286464AD00F575DC /* ComplexDiaryCell.swift */ = {isa = PBXFileReference; lastKnownFileType = sourcecode.swift; path = ComplexDiaryCell.swift; sourceTree = "<group>"; };
		E7B9761C2864C6D500F575DC /* DaysCell.swift */ = {isa = PBXFileReference; lastKnownFileType = sourcecode.swift; path = DaysCell.swift; sourceTree = "<group>"; };
		E7B9761E2864C70D00F575DC /* UICollectionViewCell+Extension.swift */ = {isa = PBXFileReference; lastKnownFileType = sourcecode.swift; path = "UICollectionViewCell+Extension.swift"; sourceTree = "<group>"; };
		E7C69D2B28597BFD004910AC /* UIScreen+Extension.swift */ = {isa = PBXFileReference; fileEncoding = 4; lastKnownFileType = sourcecode.swift; path = "UIScreen+Extension.swift"; sourceTree = "<group>"; };
		E7C69D2D28597C27004910AC /* UIFont+Extension.swift */ = {isa = PBXFileReference; fileEncoding = 4; lastKnownFileType = sourcecode.swift; path = "UIFont+Extension.swift"; sourceTree = "<group>"; };
		E7C69D2F28597C83004910AC /* UIView+Extension.swift */ = {isa = PBXFileReference; fileEncoding = 4; lastKnownFileType = sourcecode.swift; path = "UIView+Extension.swift"; sourceTree = "<group>"; };
		E7C69D3128597CDD004910AC /* UIColor+Extension.swift */ = {isa = PBXFileReference; fileEncoding = 4; lastKnownFileType = sourcecode.swift; path = "UIColor+Extension.swift"; sourceTree = "<group>"; };
		E7C69D3328597D25004910AC /* Date+Extension.swift */ = {isa = PBXFileReference; fileEncoding = 4; lastKnownFileType = sourcecode.swift; path = "Date+Extension.swift"; sourceTree = "<group>"; };
		E7C69D3528597D44004910AC /* UITableViewCell+Extension.swift */ = {isa = PBXFileReference; fileEncoding = 4; lastKnownFileType = sourcecode.swift; path = "UITableViewCell+Extension.swift"; sourceTree = "<group>"; };
		E7C69D3D2859AAA1004910AC /* UIImage+Extension.swift */ = {isa = PBXFileReference; fileEncoding = 4; lastKnownFileType = sourcecode.swift; path = "UIImage+Extension.swift"; sourceTree = "<group>"; };
		E7C69D3F2859B164004910AC /* MainTabController.swift */ = {isa = PBXFileReference; fileEncoding = 4; lastKnownFileType = sourcecode.swift; path = MainTabController.swift; sourceTree = "<group>"; };
		E7C69D412859B489004910AC /* ProfileController.swift */ = {isa = PBXFileReference; lastKnownFileType = sourcecode.swift; path = ProfileController.swift; sourceTree = "<group>"; };
		E7C69D432859B4CD004910AC /* DiscoverController.swift */ = {isa = PBXFileReference; lastKnownFileType = sourcecode.swift; path = DiscoverController.swift; sourceTree = "<group>"; };
		E7C69D452859B4DC004910AC /* DiaryController.swift */ = {isa = PBXFileReference; lastKnownFileType = sourcecode.swift; path = DiaryController.swift; sourceTree = "<group>"; };
		E7C69D472859E0F6004910AC /* NewTripController.swift */ = {isa = PBXFileReference; lastKnownFileType = sourcecode.swift; path = NewTripController.swift; sourceTree = "<group>"; };
		E7CFD989285A0FD2004B5ED5 /* ScheduleMapController.swift */ = {isa = PBXFileReference; lastKnownFileType = sourcecode.swift; path = ScheduleMapController.swift; sourceTree = "<group>"; };
		E7D1D46F286B463500483754 /* Comment.swift */ = {isa = PBXFileReference; lastKnownFileType = sourcecode.swift; path = Comment.swift; sourceTree = "<group>"; };
		E7D1D471286B50EE00483754 /* CommentCell.swift */ = {isa = PBXFileReference; lastKnownFileType = sourcecode.swift; path = CommentCell.swift; sourceTree = "<group>"; };
		E7DBA19C286EF7DE00C08C55 /* CommentManager.swift */ = {isa = PBXFileReference; lastKnownFileType = sourcecode.swift; path = CommentManager.swift; sourceTree = "<group>"; };
		E7DBA1A52870506600C08C55 /* signIn.json */ = {isa = PBXFileReference; fileEncoding = 4; lastKnownFileType = text.json; path = signIn.json; sourceTree = "<group>"; };
		E7DBA1A92870B14A00C08C55 /* NSMutableAttributedString+Extension.swift */ = {isa = PBXFileReference; lastKnownFileType = sourcecode.swift; path = "NSMutableAttributedString+Extension.swift"; sourceTree = "<group>"; };
		E7DBA1AB2870B2F600C08C55 /* LottieWrapper.swift */ = {isa = PBXFileReference; lastKnownFileType = sourcecode.swift; path = LottieWrapper.swift; sourceTree = "<group>"; };
		E7DBA1AD2870B39400C08C55 /* WebViewController.swift */ = {isa = PBXFileReference; lastKnownFileType = sourcecode.swift; path = WebViewController.swift; sourceTree = "<group>"; };
		E7DBA1AF2870B58D00C08C55 /* UItapGestureRecognizer+Extension.swift */ = {isa = PBXFileReference; lastKnownFileType = sourcecode.swift; path = "UItapGestureRecognizer+Extension.swift"; sourceTree = "<group>"; };
		E7DBA1B12870B9CD00C08C55 /* loading.json */ = {isa = PBXFileReference; fileEncoding = 4; lastKnownFileType = text.json; path = loading.json; sourceTree = "<group>"; };
		E7DBA1B32871815A00C08C55 /* search.json */ = {isa = PBXFileReference; fileEncoding = 4; lastKnownFileType = text.json; path = search.json; sourceTree = "<group>"; };
		E7DBA1B72871D5FF00C08C55 /* upload.json */ = {isa = PBXFileReference; fileEncoding = 4; lastKnownFileType = text.json; path = upload.json; sourceTree = "<group>"; };
/* End PBXFileReference section */

/* Begin PBXFrameworksBuildPhase section */
		E7131A552858F2430034FE12 /* Frameworks */ = {
			isa = PBXFrameworksBuildPhase;
			buildActionMask = 2147483647;
			files = (
				E502784E40B7978D31DEA86B /* Pods_Travel_Diary.framework in Frameworks */,
			);
			runOnlyForDeploymentPostprocessing = 0;
		};
/* End PBXFrameworksBuildPhase section */

/* Begin PBXGroup section */
		011DA3EEE5394130B036C847 /* Frameworks */ = {
			isa = PBXGroup;
			children = (
				DC257D19D1C989DEC533549E /* Pods_Travel_Diary.framework */,
			);
			name = Frameworks;
			sourceTree = "<group>";
		};
		285AD72E72CC433E9F402744 /* Pods */ = {
			isa = PBXGroup;
			children = (
				C3876D1A55BCAD144E3B6EC5 /* Pods-Travel-Diary.debug.xcconfig */,
				3A759FEC04E129153FB0E2E7 /* Pods-Travel-Diary.release.xcconfig */,
			);
			path = Pods;
			sourceTree = "<group>";
		};
		E7131A4F2858F2430034FE12 = {
			isa = PBXGroup;
			children = (
				E7131A5A2858F2430034FE12 /* Travel-Diary */,
				E7131A592858F2430034FE12 /* Products */,
				285AD72E72CC433E9F402744 /* Pods */,
				011DA3EEE5394130B036C847 /* Frameworks */,
			);
			sourceTree = "<group>";
		};
		E7131A592858F2430034FE12 /* Products */ = {
			isa = PBXGroup;
			children = (
				E7131A582858F2430034FE12 /* Travel-Diary.app */,
			);
			name = Products;
			sourceTree = "<group>";
		};
		E7131A5A2858F2430034FE12 /* Travel-Diary */ = {
			isa = PBXGroup;
			children = (
				E7DBA19E28704E3E00C08C55 /* Lottie */,
				E7390CA72869536C0056D6D9 /* Travel-Diary.entitlements */,
				E7131A772858F3330034FE12 /* Utlis */,
				E7131A762858F3280034FE12 /* API */,
				E7131A752858F3220034FE12 /* Extension */,
				E7131A732858F3150034FE12 /* Controller */,
				E7131A722858F3100034FE12 /* View */,
				E7131A712858F30A0034FE12 /* Model */,
				E7131A5B2858F2430034FE12 /* AppDelegate.swift */,
				E7131A5D2858F2430034FE12 /* SceneDelegate.swift */,
				E7131A642858F2430034FE12 /* Assets.xcassets */,
				E768147828758CAD00487782 /* intro.mp4 */,
				E7131A692858F2430034FE12 /* Info.plist */,
				E753A2F5286595F500807E51 /* GoogleService-Info.plist */,
			);
			path = "Travel-Diary";
			sourceTree = "<group>";
		};
		E7131A712858F30A0034FE12 /* Model */ = {
			isa = PBXGroup;
			children = (
				E74D67D9285E465F00700F09 /* Journey.swift */,
				E70ED9B8285F1079004874B2 /* CustomAnnotation.swift */,
				E7AC44B828670C7800CD836B /* PDFCreator.swift */,
				E7390CAC2869AFD00056D6D9 /* User.swift */,
				E7D1D46F286B463500483754 /* Comment.swift */,
			);
			path = Model;
			sourceTree = "<group>";
		};
		E7131A722858F3100034FE12 /* View */ = {
			isa = PBXGroup;
			children = (
				E7B975E828640AAE00F575DC /* Journey */,
				E74D67D6285E403900700F09 /* Schedule */,
				E7B975E728640A9400F575DC /* Search */,
				E7B975E928640AB800F575DC /* Diary */,
				E7B975EA28640AC200F575DC /* Discover */,
				E7390CB22869BA8A0056D6D9 /* Profile */,
				E7131A612858F2430034FE12 /* Main.storyboard */,
				E7131A662858F2430034FE12 /* LaunchScreen.storyboard */,
				E76814722875272F00487782 /* PulseAnimation.swift */,
				E765F7BA28797F9500590BED /* UsersCell.swift */,
			);
			path = View;
			sourceTree = "<group>";
		};
		E7131A732858F3150034FE12 /* Controller */ = {
			isa = PBXGroup;
			children = (
				E74E191428622CA300ADBF65 /* Journey */,
				E75B5FAE285B1A5100B3A866 /* Schedule */,
				E7B975EB286414F900F575DC /* Diary */,
				E7B975F228643A0400F575DC /* Discover */,
				E7B975F328643A1200F575DC /* Profile */,
				E7C69D3F2859B164004910AC /* MainTabController.swift */,
				E7390CA828696D860056D6D9 /* LoginController.swift */,
				E7DBA1AD2870B39400C08C55 /* WebViewController.swift */,
			);
			path = Controller;
			sourceTree = "<group>";
		};
		E7131A752858F3220034FE12 /* Extension */ = {
			isa = PBXGroup;
			children = (
				E7C69D3D2859AAA1004910AC /* UIImage+Extension.swift */,
				E7C69D3528597D44004910AC /* UITableViewCell+Extension.swift */,
				E7C69D2B28597BFD004910AC /* UIScreen+Extension.swift */,
				E7C69D2D28597C27004910AC /* UIFont+Extension.swift */,
				E7C69D2F28597C83004910AC /* UIView+Extension.swift */,
				E7C69D3128597CDD004910AC /* UIColor+Extension.swift */,
				E7C69D3328597D25004910AC /* Date+Extension.swift */,
				E70ED9BA285F1F69004874B2 /* Collection+Extension.swift */,
				E7B92587286072C2007F266C /* CLLocationCoordinate2D+Extension.swift */,
				E7B9761E2864C70D00F575DC /* UICollectionViewCell+Extension.swift */,
				E7DBA1A92870B14A00C08C55 /* NSMutableAttributedString+Extension.swift */,
				E7DBA1AF2870B58D00C08C55 /* UItapGestureRecognizer+Extension.swift */,
			);
			path = Extension;
			sourceTree = "<group>";
		};
		E7131A762858F3280034FE12 /* API */ = {
			isa = PBXGroup;
			children = (
				E7B9258528603A0D007F266C /* JourneyManager.swift */,
				E7390CAA2869AFAE0056D6D9 /* AuthManager.swift */,
				E7DBA19C286EF7DE00C08C55 /* CommentManager.swift */,
			);
			path = API;
			sourceTree = "<group>";
		};
		E7131A772858F3330034FE12 /* Utlis */ = {
			isa = PBXGroup;
			children = (
			);
			path = Utlis;
			sourceTree = "<group>";
		};
		E7390CB22869BA8A0056D6D9 /* Profile */ = {
			isa = PBXGroup;
			children = (
				E7390CB02869B72C0056D6D9 /* ProfileCell.swift */,
			);
			path = Profile;
			sourceTree = "<group>";
		};
		E74D67D6285E403900700F09 /* Schedule */ = {
			isa = PBXGroup;
			children = (
				E793AF84285C748F00606CF7 /* ScheduleCell.swift */,
				E74D67D4285E21D700700F09 /* ScheduleSectionFooter.swift */,
			);
			path = Schedule;
			sourceTree = "<group>";
		};
		E74E191428622CA300ADBF65 /* Journey */ = {
			isa = PBXGroup;
			children = (
				E7131A5F2858F2430034FE12 /* JourneyController.swift */,
				E7C69D472859E0F6004910AC /* NewTripController.swift */,
				E781C1B92862A5990090E5A6 /* ModifyTripDetailController.swift */,
			);
			path = Journey;
			sourceTree = "<group>";
		};
		E75B5FAE285B1A5100B3A866 /* Schedule */ = {
			isa = PBXGroup;
			children = (
				E7CFD989285A0FD2004B5ED5 /* ScheduleMapController.swift */,
				E75B5FAA285B05F000B3A866 /* ScheduleController.swift */,
				E75B5FAC285B0FD900B3A866 /* SearchResultController.swift */,
				E74D67D2285E1C5000700F09 /* SearchBarController.swift */,
			);
			path = Schedule;
			sourceTree = "<group>";
		};
		E7B975E728640A9400F575DC /* Search */ = {
			isa = PBXGroup;
			children = (
				E793AF82285C2E7600606CF7 /* SearchPlaceCell.swift */,
			);
			path = Search;
			sourceTree = "<group>";
		};
		E7B975E828640AAE00F575DC /* Journey */ = {
			isa = PBXGroup;
			children = (
			);
			path = Journey;
			sourceTree = "<group>";
		};
		E7B975E928640AB800F575DC /* Diary */ = {
			isa = PBXGroup;
			children = (
				E7B975EE2864178900F575DC /* DiaryCell.swift */,
				E7B975F82864649A00F575DC /* SimpleDiaryCell.swift */,
				E7B975FA286464AD00F575DC /* ComplexDiaryCell.swift */,
				E7B9761C2864C6D500F575DC /* DaysCell.swift */,
			);
			path = Diary;
			sourceTree = "<group>";
		};
		E7B975EA28640AC200F575DC /* Discover */ = {
			isa = PBXGroup;
			children = (
				E7D1D471286B50EE00483754 /* CommentCell.swift */,
				E765F7BE287B105300590BED /* DiscoverCell.swift */,
			);
			path = Discover;
			sourceTree = "<group>";
		};
		E7B975EB286414F900F575DC /* Diary */ = {
			isa = PBXGroup;
			children = (
				E7C69D452859B4DC004910AC /* DiaryController.swift */,
				E7B975EC2864151800F575DC /* EditDiaryController.swift */,
				E781C1BB286351570090E5A6 /* EditDetailController.swift */,
				E7B975F02864348B00F575DC /* PDFController.swift */,
				E74E191528622CEB00ADBF65 /* QRcodeScannerController.swift */,
				E7580CD32868BF3800F68168 /* QRcodeGeneratorController.swift */,
				E729CDE4286D7BA800E8FDCE /* JoinGroupController.swift */,
				E7874B8C28748DDA00CD2067 /* PrivacyController.swift */,
			);
			path = Diary;
			sourceTree = "<group>";
		};
		E7B975F228643A0400F575DC /* Discover */ = {
			isa = PBXGroup;
			children = (
				E7C69D432859B4CD004910AC /* DiscoverController.swift */,
				E7B975F62864475700F575DC /* ExpertJourneyController.swift */,
				E7580CD12868A20300F68168 /* CommentController.swift */,
			);
			path = Discover;
			sourceTree = "<group>";
		};
		E7B975F328643A1200F575DC /* Profile */ = {
			isa = PBXGroup;
			children = (
				E7C69D412859B489004910AC /* ProfileController.swift */,
				E7390CAE2869B2840056D6D9 /* EditProfileController.swift */,
				E765F7BC287A8BF900590BED /* BlocklistController.swift */,
			);
			path = Profile;
			sourceTree = "<group>";
		};
		E7DBA19E28704E3E00C08C55 /* Lottie */ = {
			isa = PBXGroup;
			children = (
				E7DBA1B32871815A00C08C55 /* search.json */,
				E7DBA1A52870506600C08C55 /* signIn.json */,
				E7DBA1AB2870B2F600C08C55 /* LottieWrapper.swift */,
				E7DBA1B12870B9CD00C08C55 /* loading.json */,
				E7DBA1B72871D5FF00C08C55 /* upload.json */,
			);
			path = Lottie;
			sourceTree = "<group>";
		};
/* End PBXGroup section */

/* Begin PBXNativeTarget section */
		E7131A572858F2430034FE12 /* Travel-Diary */ = {
			isa = PBXNativeTarget;
			buildConfigurationList = E7131A6C2858F2430034FE12 /* Build configuration list for PBXNativeTarget "Travel-Diary" */;
			buildPhases = (
				D1DB4C67F2E9BCFB1908CA29 /* [CP] Check Pods Manifest.lock */,
				E7131A542858F2430034FE12 /* Sources */,
				E7131A552858F2430034FE12 /* Frameworks */,
				E7131A562858F2430034FE12 /* Resources */,
				B3D3177B25F92B30A70BB301 /* [CP] Embed Pods Frameworks */,
				E7C69D3A28597F2C004910AC /* SwiftLint */,
				E7EB33D52876D9CF000446FB /* FirebaseCrashlytics */,
			);
			buildRules = (
			);
			dependencies = (
			);
			name = "Travel-Diary";
			productName = "Travel-Diary";
			productReference = E7131A582858F2430034FE12 /* Travel-Diary.app */;
			productType = "com.apple.product-type.application";
		};
/* End PBXNativeTarget section */

/* Begin PBXProject section */
		E7131A502858F2430034FE12 /* Project object */ = {
			isa = PBXProject;
			attributes = {
				BuildIndependentTargetsInParallel = 1;
				LastSwiftUpdateCheck = 1340;
				LastUpgradeCheck = 1340;
				TargetAttributes = {
					E7131A572858F2430034FE12 = {
						CreatedOnToolsVersion = 13.4.1;
					};
				};
			};
			buildConfigurationList = E7131A532858F2430034FE12 /* Build configuration list for PBXProject "Travel-Diary" */;
			compatibilityVersion = "Xcode 13.0";
			developmentRegion = en;
			hasScannedForEncodings = 0;
			knownRegions = (
				en,
				Base,
			);
			mainGroup = E7131A4F2858F2430034FE12;
			productRefGroup = E7131A592858F2430034FE12 /* Products */;
			projectDirPath = "";
			projectRoot = "";
			targets = (
				E7131A572858F2430034FE12 /* Travel-Diary */,
			);
		};
/* End PBXProject section */

/* Begin PBXResourcesBuildPhase section */
		E7131A562858F2430034FE12 /* Resources */ = {
			isa = PBXResourcesBuildPhase;
			buildActionMask = 2147483647;
			files = (
				E7DBA1B82871D5FF00C08C55 /* upload.json in Resources */,
				E7DBA1B22870B9CD00C08C55 /* loading.json in Resources */,
				E7131A682858F2430034FE12 /* LaunchScreen.storyboard in Resources */,
				E7DBA1B42871815A00C08C55 /* search.json in Resources */,
				E7131A652858F2430034FE12 /* Assets.xcassets in Resources */,
				E753A2F6286595F500807E51 /* GoogleService-Info.plist in Resources */,
				E7131A632858F2430034FE12 /* Main.storyboard in Resources */,
				E7DBA1A62870506600C08C55 /* signIn.json in Resources */,
				E768147928758CAD00487782 /* intro.mp4 in Resources */,
			);
			runOnlyForDeploymentPostprocessing = 0;
		};
/* End PBXResourcesBuildPhase section */

/* Begin PBXShellScriptBuildPhase section */
		B3D3177B25F92B30A70BB301 /* [CP] Embed Pods Frameworks */ = {
			isa = PBXShellScriptBuildPhase;
			buildActionMask = 2147483647;
			files = (
			);
			inputFileListPaths = (
				"${PODS_ROOT}/Target Support Files/Pods-Travel-Diary/Pods-Travel-Diary-frameworks-${CONFIGURATION}-input-files.xcfilelist",
			);
			name = "[CP] Embed Pods Frameworks";
			outputFileListPaths = (
				"${PODS_ROOT}/Target Support Files/Pods-Travel-Diary/Pods-Travel-Diary-frameworks-${CONFIGURATION}-output-files.xcfilelist",
			);
			runOnlyForDeploymentPostprocessing = 0;
			shellPath = /bin/sh;
			shellScript = "\"${PODS_ROOT}/Target Support Files/Pods-Travel-Diary/Pods-Travel-Diary-frameworks.sh\"\n";
			showEnvVarsInLog = 0;
		};
		D1DB4C67F2E9BCFB1908CA29 /* [CP] Check Pods Manifest.lock */ = {
			isa = PBXShellScriptBuildPhase;
			buildActionMask = 2147483647;
			files = (
			);
			inputFileListPaths = (
			);
			inputPaths = (
				"${PODS_PODFILE_DIR_PATH}/Podfile.lock",
				"${PODS_ROOT}/Manifest.lock",
			);
			name = "[CP] Check Pods Manifest.lock";
			outputFileListPaths = (
			);
			outputPaths = (
				"$(DERIVED_FILE_DIR)/Pods-Travel-Diary-checkManifestLockResult.txt",
			);
			runOnlyForDeploymentPostprocessing = 0;
			shellPath = /bin/sh;
			shellScript = "diff \"${PODS_PODFILE_DIR_PATH}/Podfile.lock\" \"${PODS_ROOT}/Manifest.lock\" > /dev/null\nif [ $? != 0 ] ; then\n    # print error to STDERR\n    echo \"error: The sandbox is not in sync with the Podfile.lock. Run 'pod install' or update your CocoaPods installation.\" >&2\n    exit 1\nfi\n# This output is used by Xcode 'outputs' to avoid re-running this script phase.\necho \"SUCCESS\" > \"${SCRIPT_OUTPUT_FILE_0}\"\n";
			showEnvVarsInLog = 0;
		};
		E7C69D3A28597F2C004910AC /* SwiftLint */ = {
			isa = PBXShellScriptBuildPhase;
			buildActionMask = 2147483647;
			files = (
			);
			inputFileListPaths = (
			);
			inputPaths = (
			);
			name = SwiftLint;
			outputFileListPaths = (
			);
			outputPaths = (
			);
			runOnlyForDeploymentPostprocessing = 0;
			shellPath = /bin/sh;
			shellScript = "\"${PODS_ROOT}/SwiftLint/swiftlint\"\n";
		};
		E7EB33D52876D9CF000446FB /* FirebaseCrashlytics */ = {
			isa = PBXShellScriptBuildPhase;
			buildActionMask = 2147483647;
			files = (
			);
			inputFileListPaths = (
			);
			inputPaths = (
				"${DWARF_DSYM_FOLDER_PATH}/${DWARF_DSYM_FILE_NAME}/Contents/Resources/DWARF/${TARGET_NAME}",
				"$(SRCROOT)/$(BUILT_PRODUCTS_DIR)/$(INFOPLIST_PATH)",
			);
			name = FirebaseCrashlytics;
			outputFileListPaths = (
			);
			outputPaths = (
			);
			runOnlyForDeploymentPostprocessing = 0;
			shellPath = /bin/sh;
			shellScript = "# Type a script or drag a script file from your workspace to insert its path.\n\"${PODS_ROOT}/FirebaseCrashlytics/run\"\n";
		};
/* End PBXShellScriptBuildPhase section */

/* Begin PBXSourcesBuildPhase section */
		E7131A542858F2430034FE12 /* Sources */ = {
			isa = PBXSourcesBuildPhase;
			buildActionMask = 2147483647;
			files = (
				E7131A602858F2430034FE12 /* JourneyController.swift in Sources */,
				E7390CB12869B72C0056D6D9 /* ProfileCell.swift in Sources */,
				E7DBA1AC2870B2F600C08C55 /* LottieWrapper.swift in Sources */,
				E7390CAB2869AFAE0056D6D9 /* AuthManager.swift in Sources */,
				E7390CAD2869AFD00056D6D9 /* User.swift in Sources */,
				E765F7BD287A8BF900590BED /* BlocklistController.swift in Sources */,
				E7580CD22868A20300F68168 /* CommentController.swift in Sources */,
				E7C69D3428597D25004910AC /* Date+Extension.swift in Sources */,
				E7390CA928696D860056D6D9 /* LoginController.swift in Sources */,
				E75B5FAB285B05F000B3A866 /* ScheduleController.swift in Sources */,
				E7B9761F2864C70D00F575DC /* UICollectionViewCell+Extension.swift in Sources */,
				E7C69D402859B164004910AC /* MainTabController.swift in Sources */,
				E74D67D5285E21D700700F09 /* ScheduleSectionFooter.swift in Sources */,
				E7C69D3028597C83004910AC /* UIView+Extension.swift in Sources */,
				E7C69D2C28597BFD004910AC /* UIScreen+Extension.swift in Sources */,
				E7B975F12864348B00F575DC /* PDFController.swift in Sources */,
				E765F7BF287B105300590BED /* DiscoverCell.swift in Sources */,
				E7B975EF2864178900F575DC /* DiaryCell.swift in Sources */,
				E7C69D422859B489004910AC /* ProfileController.swift in Sources */,
				E7390CAF2869B2840056D6D9 /* EditProfileController.swift in Sources */,
				E793AF83285C2E7600606CF7 /* SearchPlaceCell.swift in Sources */,
				E7DBA1B02870B58D00C08C55 /* UItapGestureRecognizer+Extension.swift in Sources */,
				E7131A5C2858F2430034FE12 /* AppDelegate.swift in Sources */,
				E7C69D442859B4CD004910AC /* DiscoverController.swift in Sources */,
				E7D1D470286B463500483754 /* Comment.swift in Sources */,
				E70ED9BB285F1F69004874B2 /* Collection+Extension.swift in Sources */,
				E7AC44B928670C7800CD836B /* PDFCreator.swift in Sources */,
				E729CDE5286D7BA800E8FDCE /* JoinGroupController.swift in Sources */,
				E7DBA1AE2870B39400C08C55 /* WebViewController.swift in Sources */,
				E7580CD42868BF3800F68168 /* QRcodeGeneratorController.swift in Sources */,
				E793AF85285C748F00606CF7 /* ScheduleCell.swift in Sources */,
				E7C69D462859B4DC004910AC /* DiaryController.swift in Sources */,
				E7874B8D28748DDA00CD2067 /* PrivacyController.swift in Sources */,
				E7B975FB286464AD00F575DC /* ComplexDiaryCell.swift in Sources */,
				E7C69D2E28597C27004910AC /* UIFont+Extension.swift in Sources */,
				E7B92588286072C2007F266C /* CLLocationCoordinate2D+Extension.swift in Sources */,
				E7B9258628603A0D007F266C /* JourneyManager.swift in Sources */,
				E765F7BB28797F9500590BED /* UsersCell.swift in Sources */,
				E781C1BA2862A5990090E5A6 /* ModifyTripDetailController.swift in Sources */,
				E7131A5E2858F2430034FE12 /* SceneDelegate.swift in Sources */,
				E75B5FAD285B0FD900B3A866 /* SearchResultController.swift in Sources */,
				E7DBA1AA2870B14A00C08C55 /* NSMutableAttributedString+Extension.swift in Sources */,
				E74E191628622CEB00ADBF65 /* QRcodeScannerController.swift in Sources */,
				E7B9761D2864C6D500F575DC /* DaysCell.swift in Sources */,
				E7C69D3628597D44004910AC /* UITableViewCell+Extension.swift in Sources */,
				E74D67DA285E465F00700F09 /* Journey.swift in Sources */,
				E76814732875272F00487782 /* PulseAnimation.swift in Sources */,
				E7D1D472286B50EE00483754 /* CommentCell.swift in Sources */,
				E7C69D3E2859AAA1004910AC /* UIImage+Extension.swift in Sources */,
				E781C1BC286351570090E5A6 /* EditDetailController.swift in Sources */,
				E74D67D3285E1C5000700F09 /* SearchBarController.swift in Sources */,
				E7DBA19D286EF7DE00C08C55 /* CommentManager.swift in Sources */,
				E7CFD98A285A0FD2004B5ED5 /* ScheduleMapController.swift in Sources */,
				E7C69D3228597CDD004910AC /* UIColor+Extension.swift in Sources */,
				E7B975F92864649A00F575DC /* SimpleDiaryCell.swift in Sources */,
				E7C69D482859E0F6004910AC /* NewTripController.swift in Sources */,
				E7B975F72864475700F575DC /* ExpertJourneyController.swift in Sources */,
				E7B975ED2864151800F575DC /* EditDiaryController.swift in Sources */,
				E70ED9B9285F1079004874B2 /* CustomAnnotation.swift in Sources */,
			);
			runOnlyForDeploymentPostprocessing = 0;
		};
/* End PBXSourcesBuildPhase section */

/* Begin PBXVariantGroup section */
		E7131A612858F2430034FE12 /* Main.storyboard */ = {
			isa = PBXVariantGroup;
			children = (
				E7131A622858F2430034FE12 /* Base */,
			);
			name = Main.storyboard;
			sourceTree = "<group>";
		};
		E7131A662858F2430034FE12 /* LaunchScreen.storyboard */ = {
			isa = PBXVariantGroup;
			children = (
				E7131A672858F2430034FE12 /* Base */,
			);
			name = LaunchScreen.storyboard;
			sourceTree = "<group>";
		};
/* End PBXVariantGroup section */

/* Begin XCBuildConfiguration section */
		E7131A6A2858F2430034FE12 /* Debug */ = {
			isa = XCBuildConfiguration;
			buildSettings = {
				ALWAYS_SEARCH_USER_PATHS = NO;
				CLANG_ANALYZER_NONNULL = YES;
				CLANG_ANALYZER_NUMBER_OBJECT_CONVERSION = YES_AGGRESSIVE;
				CLANG_CXX_LANGUAGE_STANDARD = "gnu++17";
				CLANG_ENABLE_MODULES = YES;
				CLANG_ENABLE_OBJC_ARC = YES;
				CLANG_ENABLE_OBJC_WEAK = YES;
				CLANG_WARN_BLOCK_CAPTURE_AUTORELEASING = YES;
				CLANG_WARN_BOOL_CONVERSION = YES;
				CLANG_WARN_COMMA = YES;
				CLANG_WARN_CONSTANT_CONVERSION = YES;
				CLANG_WARN_DEPRECATED_OBJC_IMPLEMENTATIONS = YES;
				CLANG_WARN_DIRECT_OBJC_ISA_USAGE = YES_ERROR;
				CLANG_WARN_DOCUMENTATION_COMMENTS = YES;
				CLANG_WARN_EMPTY_BODY = YES;
				CLANG_WARN_ENUM_CONVERSION = YES;
				CLANG_WARN_INFINITE_RECURSION = YES;
				CLANG_WARN_INT_CONVERSION = YES;
				CLANG_WARN_NON_LITERAL_NULL_CONVERSION = YES;
				CLANG_WARN_OBJC_IMPLICIT_RETAIN_SELF = YES;
				CLANG_WARN_OBJC_LITERAL_CONVERSION = YES;
				CLANG_WARN_OBJC_ROOT_CLASS = YES_ERROR;
				CLANG_WARN_QUOTED_INCLUDE_IN_FRAMEWORK_HEADER = YES;
				CLANG_WARN_RANGE_LOOP_ANALYSIS = YES;
				CLANG_WARN_STRICT_PROTOTYPES = YES;
				CLANG_WARN_SUSPICIOUS_MOVE = YES;
				CLANG_WARN_UNGUARDED_AVAILABILITY = YES_AGGRESSIVE;
				CLANG_WARN_UNREACHABLE_CODE = YES;
				CLANG_WARN__DUPLICATE_METHOD_MATCH = YES;
				COPY_PHASE_STRIP = NO;
				DEBUG_INFORMATION_FORMAT = "dwarf-with-dsym";
				ENABLE_STRICT_OBJC_MSGSEND = YES;
				ENABLE_TESTABILITY = YES;
				GCC_C_LANGUAGE_STANDARD = gnu11;
				GCC_DYNAMIC_NO_PIC = NO;
				GCC_NO_COMMON_BLOCKS = YES;
				GCC_OPTIMIZATION_LEVEL = 0;
				GCC_PREPROCESSOR_DEFINITIONS = (
					"DEBUG=1",
					"$(inherited)",
				);
				GCC_WARN_64_TO_32_BIT_CONVERSION = YES;
				GCC_WARN_ABOUT_RETURN_TYPE = YES_ERROR;
				GCC_WARN_UNDECLARED_SELECTOR = YES;
				GCC_WARN_UNINITIALIZED_AUTOS = YES_AGGRESSIVE;
				GCC_WARN_UNUSED_FUNCTION = YES;
				GCC_WARN_UNUSED_VARIABLE = YES;
				IPHONEOS_DEPLOYMENT_TARGET = 15.0;
				MTL_ENABLE_DEBUG_INFO = INCLUDE_SOURCE;
				MTL_FAST_MATH = YES;
				ONLY_ACTIVE_ARCH = YES;
				SDKROOT = iphoneos;
				SWIFT_ACTIVE_COMPILATION_CONDITIONS = DEBUG;
				SWIFT_OPTIMIZATION_LEVEL = "-Onone";
			};
			name = Debug;
		};
		E7131A6B2858F2430034FE12 /* Release */ = {
			isa = XCBuildConfiguration;
			buildSettings = {
				ALWAYS_SEARCH_USER_PATHS = NO;
				CLANG_ANALYZER_NONNULL = YES;
				CLANG_ANALYZER_NUMBER_OBJECT_CONVERSION = YES_AGGRESSIVE;
				CLANG_CXX_LANGUAGE_STANDARD = "gnu++17";
				CLANG_ENABLE_MODULES = YES;
				CLANG_ENABLE_OBJC_ARC = YES;
				CLANG_ENABLE_OBJC_WEAK = YES;
				CLANG_WARN_BLOCK_CAPTURE_AUTORELEASING = YES;
				CLANG_WARN_BOOL_CONVERSION = YES;
				CLANG_WARN_COMMA = YES;
				CLANG_WARN_CONSTANT_CONVERSION = YES;
				CLANG_WARN_DEPRECATED_OBJC_IMPLEMENTATIONS = YES;
				CLANG_WARN_DIRECT_OBJC_ISA_USAGE = YES_ERROR;
				CLANG_WARN_DOCUMENTATION_COMMENTS = YES;
				CLANG_WARN_EMPTY_BODY = YES;
				CLANG_WARN_ENUM_CONVERSION = YES;
				CLANG_WARN_INFINITE_RECURSION = YES;
				CLANG_WARN_INT_CONVERSION = YES;
				CLANG_WARN_NON_LITERAL_NULL_CONVERSION = YES;
				CLANG_WARN_OBJC_IMPLICIT_RETAIN_SELF = YES;
				CLANG_WARN_OBJC_LITERAL_CONVERSION = YES;
				CLANG_WARN_OBJC_ROOT_CLASS = YES_ERROR;
				CLANG_WARN_QUOTED_INCLUDE_IN_FRAMEWORK_HEADER = YES;
				CLANG_WARN_RANGE_LOOP_ANALYSIS = YES;
				CLANG_WARN_STRICT_PROTOTYPES = YES;
				CLANG_WARN_SUSPICIOUS_MOVE = YES;
				CLANG_WARN_UNGUARDED_AVAILABILITY = YES_AGGRESSIVE;
				CLANG_WARN_UNREACHABLE_CODE = YES;
				CLANG_WARN__DUPLICATE_METHOD_MATCH = YES;
				COPY_PHASE_STRIP = NO;
				DEBUG_INFORMATION_FORMAT = "dwarf-with-dsym";
				ENABLE_NS_ASSERTIONS = NO;
				ENABLE_STRICT_OBJC_MSGSEND = YES;
				GCC_C_LANGUAGE_STANDARD = gnu11;
				GCC_NO_COMMON_BLOCKS = YES;
				GCC_WARN_64_TO_32_BIT_CONVERSION = YES;
				GCC_WARN_ABOUT_RETURN_TYPE = YES_ERROR;
				GCC_WARN_UNDECLARED_SELECTOR = YES;
				GCC_WARN_UNINITIALIZED_AUTOS = YES_AGGRESSIVE;
				GCC_WARN_UNUSED_FUNCTION = YES;
				GCC_WARN_UNUSED_VARIABLE = YES;
				IPHONEOS_DEPLOYMENT_TARGET = 15.0;
				MTL_ENABLE_DEBUG_INFO = NO;
				MTL_FAST_MATH = YES;
				SDKROOT = iphoneos;
				SWIFT_COMPILATION_MODE = wholemodule;
				SWIFT_OPTIMIZATION_LEVEL = "-O";
				VALIDATE_PRODUCT = YES;
			};
			name = Release;
		};
		E7131A6D2858F2430034FE12 /* Debug */ = {
			isa = XCBuildConfiguration;
			baseConfigurationReference = C3876D1A55BCAD144E3B6EC5 /* Pods-Travel-Diary.debug.xcconfig */;
			buildSettings = {
				ASSETCATALOG_COMPILER_APPICON_NAME = AppIcon;
				ASSETCATALOG_COMPILER_GLOBAL_ACCENT_COLOR_NAME = AccentColor;
				CODE_SIGN_ENTITLEMENTS = "Travel-Diary/Travel-Diary.entitlements";
				CODE_SIGN_STYLE = Automatic;
				CURRENT_PROJECT_VERSION = 5;
				DEVELOPMENT_TEAM = K7CUTZ483T;
				GENERATE_INFOPLIST_FILE = YES;
				INFOPLIST_FILE = "Travel-Diary/Info.plist";
				INFOPLIST_KEY_CFBundleDisplayName = "Travel Diary";
				INFOPLIST_KEY_NSCameraUsageDescription = "Please provide Camera privacy for setting profile photo, adding pictures to journey, and scanning QR code to join the travel group";
				INFOPLIST_KEY_NSPhotoLibraryAddUsageDescription = "Please provide Photo Library Addition Privacy for saving qrcode to your photo library";
				INFOPLIST_KEY_NSPhotoLibraryUsageDescription = "Please provide Photo Library Privacy for setting profile photo, adding pictures to journey, and opening QR code to join travel group";
				INFOPLIST_KEY_UIApplicationSupportsIndirectInputEvents = YES;
				INFOPLIST_KEY_UILaunchStoryboardName = LaunchScreen;
				INFOPLIST_KEY_UIMainStoryboardFile = Main;
				INFOPLIST_KEY_UISupportedInterfaceOrientations = UIInterfaceOrientationPortrait;
				INFOPLIST_KEY_UISupportedInterfaceOrientations_iPad = "UIInterfaceOrientationPortrait UIInterfaceOrientationPortraitUpsideDown UIInterfaceOrientationLandscapeLeft UIInterfaceOrientationLandscapeRight";
				INFOPLIST_KEY_UISupportedInterfaceOrientations_iPhone = UIInterfaceOrientationPortrait;
				INFOPLIST_KEY_UIUserInterfaceStyle = Light;
				LD_RUNPATH_SEARCH_PATHS = (
					"$(inherited)",
					"@executable_path/Frameworks",
				);
				MARKETING_VERSION = 1.0;
				PRODUCT_BUNDLE_IDENTIFIER = "com.YUWEIHUANG.Travel-Diary";
				PRODUCT_NAME = "$(TARGET_NAME)";
				SWIFT_EMIT_LOC_STRINGS = YES;
				SWIFT_VERSION = 5.0;
				TARGETED_DEVICE_FAMILY = 1;
			};
			name = Debug;
		};
		E7131A6E2858F2430034FE12 /* Release */ = {
			isa = XCBuildConfiguration;
			baseConfigurationReference = 3A759FEC04E129153FB0E2E7 /* Pods-Travel-Diary.release.xcconfig */;
			buildSettings = {
				ASSETCATALOG_COMPILER_APPICON_NAME = AppIcon;
				ASSETCATALOG_COMPILER_GLOBAL_ACCENT_COLOR_NAME = AccentColor;
				CODE_SIGN_ENTITLEMENTS = "Travel-Diary/Travel-Diary.entitlements";
				CODE_SIGN_STYLE = Automatic;
				CURRENT_PROJECT_VERSION = 5;
				DEVELOPMENT_TEAM = K7CUTZ483T;
				GENERATE_INFOPLIST_FILE = YES;
				INFOPLIST_FILE = "Travel-Diary/Info.plist";
				INFOPLIST_KEY_CFBundleDisplayName = "Travel Diary";
				INFOPLIST_KEY_NSCameraUsageDescription = "Please provide Camera privacy for setting profile photo, adding pictures to journey, and scanning QR code to join the travel group";
				INFOPLIST_KEY_NSPhotoLibraryAddUsageDescription = "Please provide Photo Library Addition Privacy for saving qrcode to your photo library";
				INFOPLIST_KEY_NSPhotoLibraryUsageDescription = "Please provide Photo Library Privacy for setting profile photo, adding pictures to journey, and opening QR code to join travel group";
				INFOPLIST_KEY_UIApplicationSupportsIndirectInputEvents = YES;
				INFOPLIST_KEY_UILaunchStoryboardName = LaunchScreen;
				INFOPLIST_KEY_UIMainStoryboardFile = Main;
				INFOPLIST_KEY_UISupportedInterfaceOrientations = UIInterfaceOrientationPortrait;
				INFOPLIST_KEY_UISupportedInterfaceOrientations_iPad = "UIInterfaceOrientationPortrait UIInterfaceOrientationPortraitUpsideDown UIInterfaceOrientationLandscapeLeft UIInterfaceOrientationLandscapeRight";
				INFOPLIST_KEY_UISupportedInterfaceOrientations_iPhone = UIInterfaceOrientationPortrait;
				INFOPLIST_KEY_UIUserInterfaceStyle = Light;
				LD_RUNPATH_SEARCH_PATHS = (
					"$(inherited)",
					"@executable_path/Frameworks",
				);
				MARKETING_VERSION = 1.0;
				PRODUCT_BUNDLE_IDENTIFIER = "com.YUWEIHUANG.Travel-Diary";
				PRODUCT_NAME = "$(TARGET_NAME)";
				SWIFT_EMIT_LOC_STRINGS = YES;
				SWIFT_VERSION = 5.0;
				TARGETED_DEVICE_FAMILY = 1;
			};
			name = Release;
		};
/* End XCBuildConfiguration section */

/* Begin XCConfigurationList section */
		E7131A532858F2430034FE12 /* Build configuration list for PBXProject "Travel-Diary" */ = {
			isa = XCConfigurationList;
			buildConfigurations = (
				E7131A6A2858F2430034FE12 /* Debug */,
				E7131A6B2858F2430034FE12 /* Release */,
			);
			defaultConfigurationIsVisible = 0;
			defaultConfigurationName = Release;
		};
		E7131A6C2858F2430034FE12 /* Build configuration list for PBXNativeTarget "Travel-Diary" */ = {
			isa = XCConfigurationList;
			buildConfigurations = (
				E7131A6D2858F2430034FE12 /* Debug */,
				E7131A6E2858F2430034FE12 /* Release */,
			);
			defaultConfigurationIsVisible = 0;
			defaultConfigurationName = Release;
		};
/* End XCConfigurationList section */
	};
	rootObject = E7131A502858F2430034FE12 /* Project object */;
}
